<?xml version="1.0" encoding="utf-8"?>
<Project ToolsVersion="4.0" xmlns="http://schemas.microsoft.com/developer/msbuild/2003">
  <ItemGroup>
    <Filter Include="Source Files">
      <UniqueIdentifier>{4FC737F1-C7A5-4376-A066-2A32D752A2FF}</UniqueIdentifier>
      <Extensions>cpp;c;cc;cxx;def;odl;idl;hpj;bat;asm;asmx</Extensions>
    </Filter>
    <Filter Include="Header Files">
      <UniqueIdentifier>{93995380-89BD-4b04-88EB-625FBE52EBFB}</UniqueIdentifier>
      <Extensions>h;hpp;hxx;hm;inl;inc;xsd</Extensions>
    </Filter>
    <Filter Include="Resource Files">
      <UniqueIdentifier>{67DA6AB6-F800-4c08-8B7A-83BB121AAD01}</UniqueIdentifier>
      <Extensions>rc;ico;cur;bmp;dlg;rc2;rct;bin;rgs;gif;jpg;jpeg;jpe;resx;tiff;tif;png;wav;mfcribbon-ms</Extensions>
    </Filter>
  </ItemGroup>
  <ItemGroup>
    <ClCompile Include="main.cpp">
      <Filter>Source Files</Filter>
    </ClCompile>
    <ClCompile Include="ARGoController.cpp">
      <Filter>Source Files</Filter>
    </ClCompile>
    <ClCompile Include="ARGraphicController.cpp">
      <Filter>Source Files</Filter>
    </ClCompile>
    <ClCompile Include="BoardTracking\GoBoardDetector.cpp">
      <Filter>Source Files</Filter>
    </ClCompile>
    <ClCompile Include="BoardTracking\Marker.cpp">
      <Filter>Source Files</Filter>
    </ClCompile>
    <ClCompile Include="BoardTracking\MarkerDetector.cpp">
      <Filter>Source Files</Filter>
    </ClCompile>
    <ClCompile Include="BoardTracking\StoneDetector.cpp">
      <Filter>Source Files</Filter>
    </ClCompile>
    <ClCompile Include="BoardTracking\RPP\Rpoly.cpp">
      <Filter>Source Files</Filter>
    </ClCompile>
    <ClCompile Include="BoardTracking\RPP\RPP.cpp">
      <Filter>Source Files</Filter>
    </ClCompile>
    <ClCompile Include="BoardTracking\CVHelper.cpp">
      <Filter>Source Files</Filter>
    </ClCompile>
    <ClCompile Include="GamePlayUtils\GoBoard.cpp">
      <Filter>Source Files</Filter>
    </ClCompile>
    <ClCompile Include="GamePlayUtils\FuegoAssistant.cpp">
      <Filter>Source Files</Filter>
    </ClCompile>
    <ClCompile Include="GamePlayUtils\GoAssistantController.cpp">
      <Filter>Source Files</Filter>
    </ClCompile>
    <ClCompile Include="HelperClass\GoARdrawingutils.cpp">
      <Filter>Source Files</Filter>
    </ClCompile>
    <ClCompile Include="HelperClass\config.cpp">
      <Filter>Source Files</Filter>
    </ClCompile>
  </ItemGroup>
  <ItemGroup>
    <None Include="ClassDiagram1.cd" />
    <None Include="external\PatternMatcher.dll" />
    <None Include="external\sgfutils.dll" />
    <None Include="external\System.Data.SQLite.dll" />
    <None Include="external\GoUtils.dll" />
    <None Include="app.config" />
  </ItemGroup>
  <ItemGroup>
    <ClInclude Include="ARGoController.h">
      <Filter>Header Files</Filter>
    </ClInclude>
    <ClInclude Include="ARGraphicController.h">
      <Filter>Header Files</Filter>
    </ClInclude>
    <ClInclude Include="BoardTracking\GoBoardDetector.h">
      <Filter>Header Files</Filter>
    </ClInclude>
    <ClInclude Include="BoardTracking\Marker.h">
      <Filter>Header Files</Filter>
    </ClInclude>
    <ClInclude Include="BoardTracking\MarkerDetector.h">
      <Filter>Header Files</Filter>
    </ClInclude>
    <ClInclude Include="BoardTracking\stoneDetector.h">
      <Filter>Header Files</Filter>
    </ClInclude>
    <ClInclude Include="BoardTracking\RPP\Rpoly.h">
      <Filter>Header Files</Filter>
    </ClInclude>
    <ClInclude Include="BoardTracking\RPP\RPP.h">
      <Filter>Header Files</Filter>
    </ClInclude>
    <ClInclude Include="BoardTracking\CVHelper.h">
      <Filter>Header Files</Filter>
    </ClInclude>
    <ClInclude Include="GamePlayUtils\GoBoard.h">
      <Filter>Header Files</Filter>
    </ClInclude>
    <ClInclude Include="GamePlayUtils\FuegoAssistant.h">
      <Filter>Header Files</Filter>
    </ClInclude>
    <ClInclude Include="GamePlayUtils\GoAssistantController.h">
      <Filter>Header Files</Filter>
    </ClInclude>
    <ClInclude Include="HelperClass\GoARdrawingutils.h">
      <Filter>Header Files</Filter>
    </ClInclude>
    <ClInclude Include="HelperClass\Helper.h">
      <Filter>Header Files</Filter>
    </ClInclude>
    <ClInclude Include="GamePlayUtils\GameConstant.h">
      <Filter>Header Files</Filter>
    </ClInclude>
    <ClInclude Include="HelperClass\config.h">
      <Filter>Header Files</Filter>
    </ClInclude>
  </ItemGroup>
</Project>